
Microsoft Visual Studio Solution File, Format Version 12.00
# Visual Studio Version 17
VisualStudioVersion = 17.9.34728.123
MinimumVisualStudioVersion = 10.0.40219.1
Project("{9A19103F-16F7-4668-BE54-9A1E7A4F7556}") = "FishDeskNextReborn", "FishDeskNextReborn.csproj", "{BD304FF3-9627-4904-8952-1F9AA210383B}"
EndProject
Project("{9A19103F-16F7-4668-BE54-9A1E7A4F7556}") = "FDNRBox", "FDNRBox\FDNRBox.csproj", "{4267D5BD-8F08-44D8-8097-DBA7085AE0BE}"
EndProject
Global
	GlobalSection(SolutionConfigurationPlatforms) = preSolution
		Debug|Any CPU = Debug|Any CPU
		Debug|x64 = Debug|x64
		Release|Any CPU = Release|Any CPU
		Release|x64 = Release|x64
	EndGlobalSection
	GlobalSection(ProjectConfigurationPlatforms) = postSolution
		{BD304FF3-9627-4904-8952-1F9AA210383B}.Debug|Any CPU.ActiveCfg = Debug|Any CPU
		{BD304FF3-9627-4904-8952-1F9AA210383B}.Debug|Any CPU.Build.0 = Debug|Any CPU
		{BD304FF3-9627-4904-8952-1F9AA210383B}.Debug|x64.ActiveCfg = Debug|x64
		{BD304FF3-9627-4904-8952-1F9AA210383B}.Debug|x64.Build.0 = Debug|x64
		{BD304FF3-9627-4904-8952-1F9AA210383B}.Release|Any CPU.ActiveCfg = Release|Any CPU
		{BD304FF3-9627-4904-8952-1F9AA210383B}.Release|Any CPU.Build.0 = Release|Any CPU
		{BD304FF3-9627-4904-8952-1F9AA210383B}.Release|x64.ActiveCfg = Release|x64
		{BD304FF3-9627-4904-8952-1F9AA210383B}.Release|x64.Build.0 = Release|x64
		{4267D5BD-8F08-44D8-8097-DBA7085AE0BE}.Debug|Any CPU.ActiveCfg = Debug|Any CPU
		{4267D5BD-8F08-44D8-8097-DBA7085AE0BE}.Debug|Any CPU.Build.0 = Debug|Any CPU
		{4267D5BD-8F08-44D8-8097-DBA7085AE0BE}.Debug|x64.ActiveCfg = Debug|Any CPU
		{4267D5BD-8F08-44D8-8097-DBA7085AE0BE}.Debug|x64.Build.0 = Debug|Any CPU
		{4267D5BD-8F08-44D8-8097-DBA7085AE0BE}.Release|Any CPU.ActiveCfg = Release|Any CPU
		{4267D5BD-8F08-44D8-8097-DBA7085AE0BE}.Release|Any CPU.Build.0 = Release|Any CPU
		{4267D5BD-8F08-44D8-8097-DBA7085AE0BE}.Release|x64.ActiveCfg = Release|Any CPU
		{4267D5BD-8F08-44D8-8097-DBA7085AE0BE}.Release|x64.Build.0 = Release|Any CPU
	EndGlobalSection
	GlobalSection(SolutionProperties) = preSolution
		HideSolutionNode = FALSE
	EndGlobalSection
	GlobalSection(ExtensibilityGlobals) = postSolution
		SolutionGuid = {E5651FAD-3DDB-4AFA-B94E-8C9093396A09}
	EndGlobalSection
EndGlobal
