
Microsoft Visual Studio Solution File, Format Version 12.00
# Visual Studio Version 17
VisualStudioVersion = 17.9.34728.123
MinimumVisualStudioVersion = 10.0.40219.1
Project("{FAE04EC0-301F-11D3-BF4B-00C04F79EFBC}") = "FishDeskNextReborn", "FishDeskNextReborn.csproj", "{BD304FF3-9627-4904-8952-1F9AA210383B}"
EndProject
Global
	GlobalSection(SolutionConfigurationPlatforms) = preSolution
		Debug|Any CPU = Debug|Any CPU
		Release|Any CPU = Release|Any CPU
	EndGlobalSection
	GlobalSection(ProjectConfigurationPlatforms) = postSolution
		{BD304FF3-9627-4904-8952-1F9AA210383B}.Debug|Any CPU.ActiveCfg = Debug|Any CPU
		{BD304FF3-9627-4904-8952-1F9AA210383B}.Debug|Any CPU.Build.0 = Debug|Any CPU
		{BD304FF3-9627-4904-8952-1F9AA210383B}.Release|Any CPU.ActiveCfg = Release|Any CPU
		{BD304FF3-9627-4904-8952-1F9AA210383B}.Release|Any CPU.Build.0 = Release|Any CPU
	EndGlobalSection
	GlobalSection(SolutionProperties) = preSolution
		HideSolutionNode = FALSE
	EndGlobalSection
	GlobalSection(ExtensibilityGlobals) = postSolution
		SolutionGuid = {E5651FAD-3DDB-4AFA-B94E-8C9093396A09}
	EndGlobalSection
EndGlobal
